
Microsoft Visual Studio Solution File, Format Version 12.00
# Visual Studio Version 17
VisualStudioVersion = 17.4.33213.308
MinimumVisualStudioVersion = 10.0.40219.1
Project("{FAE04EC0-301F-11D3-BF4B-00C04F79EFBC}") = "Ejercicio25HerenciaPolimorfismo", "Ejercicio25HerenciaPolimorfismo\Ejercicio25HerenciaPolimorfismo.csproj", "{21431B63-BC5D-435B-8879-EEFFC38109CA}"
EndProject
Project("{2150E333-8FDC-42A3-9474-1A3956D46DE8}") = "Elementos de la solución", "Elementos de la solución", "{19236642-2A7E-4CE1-AE7A-63CCD7FABDD2}"
EndProject
Global
	GlobalSection(SolutionConfigurationPlatforms) = preSolution
		Debug|Any CPU = Debug|Any CPU
		Release|Any CPU = Release|Any CPU
	EndGlobalSection
	GlobalSection(ProjectConfigurationPlatforms) = postSolution
		{21431B63-BC5D-435B-8879-EEFFC38109CA}.Debug|Any CPU.ActiveCfg = Debug|Any CPU
		{21431B63-BC5D-435B-8879-EEFFC38109CA}.Debug|Any CPU.Build.0 = Debug|Any CPU
		{21431B63-BC5D-435B-8879-EEFFC38109CA}.Release|Any CPU.ActiveCfg = Release|Any CPU
		{21431B63-BC5D-435B-8879-EEFFC38109CA}.Release|Any CPU.Build.0 = Release|Any CPU
	EndGlobalSection
	GlobalSection(SolutionProperties) = preSolution
		HideSolutionNode = FALSE
	EndGlobalSection
	GlobalSection(ExtensibilityGlobals) = postSolution
		SolutionGuid = {F1B91E7F-41E6-4612-8F56-339A10C6316B}
	EndGlobalSection
EndGlobal
